
Microsoft Visual Studio Solution File, Format Version 12.00
# Visual Studio Version 16
VisualStudioVersion = 16.0.30621.155
MinimumVisualStudioVersion = 10.0.40219.1
Project("{FAE04EC0-301F-11D3-BF4B-00C04F79EFBC}") = "DeployContainerizedWebApp.Website", "DeployContainerizedWebApp.Website\DeployContainerizedWebApp.Website.csproj", "{E92D14E5-A930-4B14-84F2-2776A3A11E57}"
EndProject
Global
	GlobalSection(SolutionConfigurationPlatforms) = preSolution
		Debug|Any CPU = Debug|Any CPU
		Release|Any CPU = Release|Any CPU
	EndGlobalSection
	GlobalSection(ProjectConfigurationPlatforms) = postSolution
		{E92D14E5-A930-4B14-84F2-2776A3A11E57}.Debug|Any CPU.ActiveCfg = Debug|Any CPU
		{E92D14E5-A930-4B14-84F2-2776A3A11E57}.Debug|Any CPU.Build.0 = Debug|Any CPU
		{E92D14E5-A930-4B14-84F2-2776A3A11E57}.Release|Any CPU.ActiveCfg = Release|Any CPU
		{E92D14E5-A930-4B14-84F2-2776A3A11E57}.Release|Any CPU.Build.0 = Release|Any CPU
	EndGlobalSection
	GlobalSection(SolutionProperties) = preSolution
		HideSolutionNode = FALSE
	EndGlobalSection
	GlobalSection(ExtensibilityGlobals) = postSolution
		SolutionGuid = {93F26BAD-D14C-419A-AAC3-F2BDD2FE40D2}
	EndGlobalSection
EndGlobal
